
Microsoft Visual Studio Solution File, Format Version 12.00
# Visual Studio Version 17
VisualStudioVersion = 17.14.37411.7
MinimumVisualStudioVersion = 10.0.40219.1
Project("{2150E333-8FDC-42A3-9474-1A3956D46DE8}") = "01. Presentaion", "01. Presentaion", "{02EA681E-C7D8-13C7-8484-4AC65E1B71E8}"
EndProject
Project("{2150E333-8FDC-42A3-9474-1A3956D46DE8}") = "02. Web Api", "02. Web Api", "{9AB521D3-FC36-4CD0-90FF-D9E85BA19535}"
EndProject
Project("{2150E333-8FDC-42A3-9474-1A3956D46DE8}") = "03. Business Objects", "03. Business Objects", "{9C552F2F-5445-427A-BBEA-21F5CAD794BE}"
EndProject
Project("{2150E333-8FDC-42A3-9474-1A3956D46DE8}") = "04. Database & Infrastructure", "04. Database & Infrastructure", "{40E33235-F475-47C7-92ED-9700BE3A76FA}"
EndProject
Project("{2150E333-8FDC-42A3-9474-1A3956D46DE8}") = "05. Domain Objects", "05. Domain Objects", "{ED1B5DD0-23CB-4E5B-BEE6-8C4E0B92F6BB}"
EndProject
Project("{2150E333-8FDC-42A3-9474-1A3956D46DE8}") = "06. Core Objects & Shared", "06. Core Objects & Shared", "{1A2AD897-6CE1-49A3-AB56-50FCD814C19B}"
EndProject
Project("{2150E333-8FDC-42A3-9474-1A3956D46DE8}") = "99. Tests", "99. Tests", "{61C77481-A815-459F-B0F2-06F587F06AA3}"
EndProject
Project("{FAE04EC0-301F-11D3-BF4B-00C04F79EFBC}") = "Smbc.RiskReporting.WebUI", "src\Smbc.RiskReporting.WebUI\Smbc.RiskReporting.WebUI.csproj", "{26B88001-9102-448A-98A1-1FB6EAE1D100}"
EndProject
Project("{FAE04EC0-301F-11D3-BF4B-00C04F79EFBC}") = "Smbc.ReportingEngine.Domain", "src\Smbc.ReportingEngine.Domain\Smbc.ReportingEngine.Domain.csproj", "{FA7EFF3E-8439-4908-8849-EE8AE33CDEE1}"
EndProject
Project("{FAE04EC0-301F-11D3-BF4B-00C04F79EFBC}") = "Smbc.ReportingEngine.Domain.Shared", "src\Smbc.ReportingEngine.Domain.Shared\Smbc.ReportingEngine.Domain.Shared.csproj", "{F7CB3C25-B9F4-4041-8864-16AAFE5180C0}"
EndProject
Project("{FAE04EC0-301F-11D3-BF4B-00C04F79EFBC}") = "Smbc.ReportingEngine.Infrastructure", "src\Smbc.ReportingEngine.Infrastructure\Smbc.ReportingEngine.Infrastructure.csproj", "{CEE53392-2D88-4A83-890E-28F857762010}"
EndProject
Project("{FAE04EC0-301F-11D3-BF4B-00C04F79EFBC}") = "Smbc.ReportingEngine.Application", "src\Smbc.ReportingEngine.Application\Smbc.ReportingEngine.Application.csproj", "{C0354C0F-9CB1-41B0-A129-E3939A1D260D}"
EndProject
Project("{FAE04EC0-301F-11D3-BF4B-00C04F79EFBC}") = "Smbc.ReportingEngine.WebApi", "src\Smbc.ReportingEngine.WebApi\Smbc.ReportingEngine.WebApi.csproj", "{30BEF3CA-71CF-499F-945A-E4B1EA21F4DD}"
EndProject
Global
	GlobalSection(SolutionConfigurationPlatforms) = preSolution
		Debug|Any CPU = Debug|Any CPU
		Release|Any CPU = Release|Any CPU
	EndGlobalSection
	GlobalSection(ProjectConfigurationPlatforms) = postSolution
		{26B88001-9102-448A-98A1-1FB6EAE1D100}.Debug|Any CPU.ActiveCfg = Debug|Any CPU
		{26B88001-9102-448A-98A1-1FB6EAE1D100}.Debug|Any CPU.Build.0 = Debug|Any CPU
		{26B88001-9102-448A-98A1-1FB6EAE1D100}.Release|Any CPU.ActiveCfg = Release|Any CPU
		{26B88001-9102-448A-98A1-1FB6EAE1D100}.Release|Any CPU.Build.0 = Release|Any CPU
		{FA7EFF3E-8439-4908-8849-EE8AE33CDEE1}.Debug|Any CPU.ActiveCfg = Debug|Any CPU
		{FA7EFF3E-8439-4908-8849-EE8AE33CDEE1}.Debug|Any CPU.Build.0 = Debug|Any CPU
		{FA7EFF3E-8439-4908-8849-EE8AE33CDEE1}.Release|Any CPU.ActiveCfg = Release|Any CPU
		{FA7EFF3E-8439-4908-8849-EE8AE33CDEE1}.Release|Any CPU.Build.0 = Release|Any CPU
		{F7CB3C25-B9F4-4041-8864-16AAFE5180C0}.Debug|Any CPU.ActiveCfg = Debug|Any CPU
		{F7CB3C25-B9F4-4041-8864-16AAFE5180C0}.Debug|Any CPU.Build.0 = Debug|Any CPU
		{F7CB3C25-B9F4-4041-8864-16AAFE5180C0}.Release|Any CPU.ActiveCfg = Release|Any CPU
		{F7CB3C25-B9F4-4041-8864-16AAFE5180C0}.Release|Any CPU.Build.0 = Release|Any CPU
		{CEE53392-2D88-4A83-890E-28F857762010}.Debug|Any CPU.ActiveCfg = Debug|Any CPU
		{CEE53392-2D88-4A83-890E-28F857762010}.Debug|Any CPU.Build.0 = Debug|Any CPU
		{CEE53392-2D88-4A83-890E-28F857762010}.Release|Any CPU.ActiveCfg = Release|Any CPU
		{CEE53392-2D88-4A83-890E-28F857762010}.Release|Any CPU.Build.0 = Release|Any CPU
		{C0354C0F-9CB1-41B0-A129-E3939A1D260D}.Debug|Any CPU.ActiveCfg = Debug|Any CPU
		{C0354C0F-9CB1-41B0-A129-E3939A1D260D}.Debug|Any CPU.Build.0 = Debug|Any CPU
		{C0354C0F-9CB1-41B0-A129-E3939A1D260D}.Release|Any CPU.ActiveCfg = Release|Any CPU
		{C0354C0F-9CB1-41B0-A129-E3939A1D260D}.Release|Any CPU.Build.0 = Release|Any CPU
		{30BEF3CA-71CF-499F-945A-E4B1EA21F4DD}.Debug|Any CPU.ActiveCfg = Debug|Any CPU
		{30BEF3CA-71CF-499F-945A-E4B1EA21F4DD}.Debug|Any CPU.Build.0 = Debug|Any CPU
		{30BEF3CA-71CF-499F-945A-E4B1EA21F4DD}.Release|Any CPU.ActiveCfg = Release|Any CPU
		{30BEF3CA-71CF-499F-945A-E4B1EA21F4DD}.Release|Any CPU.Build.0 = Release|Any CPU
	EndGlobalSection
	GlobalSection(SolutionProperties) = preSolution
		HideSolutionNode = FALSE
	EndGlobalSection
	GlobalSection(NestedProjects) = preSolution
		{26B88001-9102-448A-98A1-1FB6EAE1D100} = {02EA681E-C7D8-13C7-8484-4AC65E1B71E8}
		{FA7EFF3E-8439-4908-8849-EE8AE33CDEE1} = {ED1B5DD0-23CB-4E5B-BEE6-8C4E0B92F6BB}
		{F7CB3C25-B9F4-4041-8864-16AAFE5180C0} = {1A2AD897-6CE1-49A3-AB56-50FCD814C19B}
		{CEE53392-2D88-4A83-890E-28F857762010} = {40E33235-F475-47C7-92ED-9700BE3A76FA}
		{C0354C0F-9CB1-41B0-A129-E3939A1D260D} = {9C552F2F-5445-427A-BBEA-21F5CAD794BE}
		{30BEF3CA-71CF-499F-945A-E4B1EA21F4DD} = {9AB521D3-FC36-4CD0-90FF-D9E85BA19535}
	EndGlobalSection
	GlobalSection(ExtensibilityGlobals) = postSolution
		SolutionGuid = {CF3A2195-C3E3-4A05-B82B-1267941483C3}
	EndGlobalSection
EndGlobal
